
Microsoft Visual Studio Solution File, Format Version 12.00
# Visual Studio 15
VisualStudioVersion = 15.0.27428.2005
MinimumVisualStudioVersion = 10.0.40219.1
Project("{9A19103F-16F7-4668-BE54-9A1E7A4F7556}") = "YourFitness.Data", "YourFitness.Data.csproj", "{74B10151-D752-403A-B973-0936CD521064}"
EndProject
Global
	GlobalSection(SolutionConfigurationPlatforms) = preSolution
		Debug|Any CPU = Debug|Any CPU
		Release|Any CPU = Release|Any CPU
	EndGlobalSection
	GlobalSection(ProjectConfigurationPlatforms) = postSolution
		{74B10151-D752-403A-B973-0936CD521064}.Debug|Any CPU.ActiveCfg = Debug|Any CPU
		{74B10151-D752-403A-B973-0936CD521064}.Debug|Any CPU.Build.0 = Debug|Any CPU
		{74B10151-D752-403A-B973-0936CD521064}.Release|Any CPU.ActiveCfg = Release|Any CPU
		{74B10151-D752-403A-B973-0936CD521064}.Release|Any CPU.Build.0 = Release|Any CPU
	EndGlobalSection
	GlobalSection(SolutionProperties) = preSolution
		HideSolutionNode = FALSE
	EndGlobalSection
	GlobalSection(ExtensibilityGlobals) = postSolution
		SolutionGuid = {2B164D2F-BB4C-4703-A2FC-B2D51075022C}
	EndGlobalSection
EndGlobal
